// !$*UTF8*$!
{
	archiveVersion = 1;
	classes = {
	};
	objectVersion = 50;
	objects = {

/* Begin PBXBuildFile section */
		CC17C09F22830DFD00F23CE8 /* SearchResultTableViewCell.swift in Sources */ = {isa = PBXBuildFile; fileRef = CC17C09E22830DFD00F23CE8 /* SearchResultTableViewCell.swift */; };
		CC17C0A122830EBF00F23CE8 /* ForecastTableViewCell.swift in Sources */ = {isa = PBXBuildFile; fileRef = CC17C0A022830EBF00F23CE8 /* ForecastTableViewCell.swift */; };
		CC17C0A42283114400F23CE8 /* NetworkController.swift in Sources */ = {isa = PBXBuildFile; fileRef = CC17C0A32283114400F23CE8 /* NetworkController.swift */; };
		CC17C0A8228311CA00F23CE8 /* ImageUtil.swift in Sources */ = {isa = PBXBuildFile; fileRef = CC17C0A7228311CA00F23CE8 /* ImageUtil.swift */; };
		CCB556702282E26F00B4CC7C /* AppDelegate.swift in Sources */ = {isa = PBXBuildFile; fileRef = CCB5566F2282E26F00B4CC7C /* AppDelegate.swift */; };
		CCB556722282E26F00B4CC7C /* ViewController.swift in Sources */ = {isa = PBXBuildFile; fileRef = CCB556712282E26F00B4CC7C /* ViewController.swift */; };
		CCB556752282E26F00B4CC7C /* Main.storyboard in Resources */ = {isa = PBXBuildFile; fileRef = CCB556732282E26F00B4CC7C /* Main.storyboard */; };
		CCB556772282E27100B4CC7C /* Assets.xcassets in Resources */ = {isa = PBXBuildFile; fileRef = CCB556762282E27100B4CC7C /* Assets.xcassets */; };
		CCB5567A2282E27100B4CC7C /* LaunchScreen.storyboard in Resources */ = {isa = PBXBuildFile; fileRef = CCB556782282E27100B4CC7C /* LaunchScreen.storyboard */; };
		CCB556832282F1F600B4CC7C /* BasicLocation.swift in Sources */ = {isa = PBXBuildFile; fileRef = CCB556822282F1F600B4CC7C /* BasicLocation.swift */; };
		CCB556852282F48700B4CC7C /* Location.swift in Sources */ = {isa = PBXBuildFile; fileRef = CCB556842282F48700B4CC7C /* Location.swift */; };
		CCB556872282F54C00B4CC7C /* Astro.swift in Sources */ = {isa = PBXBuildFile; fileRef = CCB556862282F54C00B4CC7C /* Astro.swift */; };
		CCB556892282F5D100B4CC7C /* Condition.swift in Sources */ = {isa = PBXBuildFile; fileRef = CCB556882282F5D100B4CC7C /* Condition.swift */; };
		CCB5568B2282F62F00B4CC7C /* Day.swift in Sources */ = {isa = PBXBuildFile; fileRef = CCB5568A2282F62F00B4CC7C /* Day.swift */; };
		CCB5568D2282F7B900B4CC7C /* ForecastDay.swift in Sources */ = {isa = PBXBuildFile; fileRef = CCB5568C2282F7B900B4CC7C /* ForecastDay.swift */; };
		CCB5568F2282F98F00B4CC7C /* Forecast.swift in Sources */ = {isa = PBXBuildFile; fileRef = CCB5568E2282F98F00B4CC7C /* Forecast.swift */; };
		CCB556912282FA3C00B4CC7C /* Current.swift in Sources */ = {isa = PBXBuildFile; fileRef = CCB556902282FA3C00B4CC7C /* Current.swift */; };
		CCB556932282FC3900B4CC7C /* BasicForecast.swift in Sources */ = {isa = PBXBuildFile; fileRef = CCB556922282FC3900B4CC7C /* BasicForecast.swift */; };
/* End PBXBuildFile section */

/* Begin PBXFileReference section */
		CC17C09E22830DFD00F23CE8 /* SearchResultTableViewCell.swift */ = {isa = PBXFileReference; lastKnownFileType = sourcecode.swift; path = SearchResultTableViewCell.swift; sourceTree = "<group>"; };
		CC17C0A022830EBF00F23CE8 /* ForecastTableViewCell.swift */ = {isa = PBXFileReference; lastKnownFileType = sourcecode.swift; path = ForecastTableViewCell.swift; sourceTree = "<group>"; };
		CC17C0A32283114400F23CE8 /* NetworkController.swift */ = {isa = PBXFileReference; lastKnownFileType = sourcecode.swift; path = NetworkController.swift; sourceTree = "<group>"; };
		CC17C0A7228311CA00F23CE8 /* ImageUtil.swift */ = {isa = PBXFileReference; lastKnownFileType = sourcecode.swift; path = ImageUtil.swift; sourceTree = "<group>"; };
		CCB5566C2282E26F00B4CC7C /* miniweather.app */ = {isa = PBXFileReference; explicitFileType = wrapper.application; includeInIndex = 0; path = miniweather.app; sourceTree = BUILT_PRODUCTS_DIR; };
		CCB5566F2282E26F00B4CC7C /* AppDelegate.swift */ = {isa = PBXFileReference; lastKnownFileType = sourcecode.swift; path = AppDelegate.swift; sourceTree = "<group>"; };
		CCB556712282E26F00B4CC7C /* ViewController.swift */ = {isa = PBXFileReference; lastKnownFileType = sourcecode.swift; path = ViewController.swift; sourceTree = "<group>"; };
		CCB556742282E26F00B4CC7C /* Base */ = {isa = PBXFileReference; lastKnownFileType = file.storyboard; name = Base; path = Base.lproj/Main.storyboard; sourceTree = "<group>"; };
		CCB556762282E27100B4CC7C /* Assets.xcassets */ = {isa = PBXFileReference; lastKnownFileType = folder.assetcatalog; path = Assets.xcassets; sourceTree = "<group>"; };
		CCB556792282E27100B4CC7C /* Base */ = {isa = PBXFileReference; lastKnownFileType = file.storyboard; name = Base; path = Base.lproj/LaunchScreen.storyboard; sourceTree = "<group>"; };
		CCB5567B2282E27100B4CC7C /* Info.plist */ = {isa = PBXFileReference; lastKnownFileType = text.plist.xml; path = Info.plist; sourceTree = "<group>"; };
		CCB556822282F1F600B4CC7C /* BasicLocation.swift */ = {isa = PBXFileReference; lastKnownFileType = sourcecode.swift; path = BasicLocation.swift; sourceTree = "<group>"; };
		CCB556842282F48700B4CC7C /* Location.swift */ = {isa = PBXFileReference; lastKnownFileType = sourcecode.swift; path = Location.swift; sourceTree = "<group>"; };
		CCB556862282F54C00B4CC7C /* Astro.swift */ = {isa = PBXFileReference; lastKnownFileType = sourcecode.swift; path = Astro.swift; sourceTree = "<group>"; };
		CCB556882282F5D100B4CC7C /* Condition.swift */ = {isa = PBXFileReference; lastKnownFileType = sourcecode.swift; path = Condition.swift; sourceTree = "<group>"; };
		CCB5568A2282F62F00B4CC7C /* Day.swift */ = {isa = PBXFileReference; lastKnownFileType = sourcecode.swift; path = Day.swift; sourceTree = "<group>"; };
		CCB5568C2282F7B900B4CC7C /* ForecastDay.swift */ = {isa = PBXFileReference; lastKnownFileType = sourcecode.swift; path = ForecastDay.swift; sourceTree = "<group>"; };
		CCB5568E2282F98F00B4CC7C /* Forecast.swift */ = {isa = PBXFileReference; lastKnownFileType = sourcecode.swift; path = Forecast.swift; sourceTree = "<group>"; };
		CCB556902282FA3C00B4CC7C /* Current.swift */ = {isa = PBXFileReference; lastKnownFileType = sourcecode.swift; path = Current.swift; sourceTree = "<group>"; };
		CCB556922282FC3900B4CC7C /* BasicForecast.swift */ = {isa = PBXFileReference; lastKnownFileType = sourcecode.swift; path = BasicForecast.swift; sourceTree = "<group>"; };
/* End PBXFileReference section */

/* Begin PBXFrameworksBuildPhase section */
		CCB556692282E26F00B4CC7C /* Frameworks */ = {
			isa = PBXFrameworksBuildPhase;
			buildActionMask = 2147483647;
			files = (
			);
			runOnlyForDeploymentPostprocessing = 0;
		};
/* End PBXFrameworksBuildPhase section */

/* Begin PBXGroup section */
		CC17C0A22283112800F23CE8 /* Data */ = {
			isa = PBXGroup;
			children = (
				CC17C0A7228311CA00F23CE8 /* ImageUtil.swift */,
				CC17C0A32283114400F23CE8 /* NetworkController.swift */,
			);
			path = Data;
			sourceTree = "<group>";
		};
		CCB556632282E26F00B4CC7C = {
			isa = PBXGroup;
			children = (
				CCB5566E2282E26F00B4CC7C /* miniweather */,
				CCB5566D2282E26F00B4CC7C /* Products */,
			);
			sourceTree = "<group>";
		};
		CCB5566D2282E26F00B4CC7C /* Products */ = {
			isa = PBXGroup;
			children = (
				CCB5566C2282E26F00B4CC7C /* miniweather.app */,
			);
			name = Products;
			sourceTree = "<group>";
		};
		CCB5566E2282E26F00B4CC7C /* miniweather */ = {
			isa = PBXGroup;
			children = (
				CCB5566F2282E26F00B4CC7C /* AppDelegate.swift */,
				CC17C0A22283112800F23CE8 /* Data */,
				CCB556812282F1D900B4CC7C /* Model */,
				CCB556712282E26F00B4CC7C /* ViewController.swift */,
				CCB556732282E26F00B4CC7C /* Main.storyboard */,
				CC17C0A022830EBF00F23CE8 /* ForecastTableViewCell.swift */,
				CC17C09E22830DFD00F23CE8 /* SearchResultTableViewCell.swift */,
				CCB556762282E27100B4CC7C /* Assets.xcassets */,
				CCB556782282E27100B4CC7C /* LaunchScreen.storyboard */,
				CCB5567B2282E27100B4CC7C /* Info.plist */,
			);
			path = miniweather;
			sourceTree = "<group>";
		};
		CCB556812282F1D900B4CC7C /* Model */ = {
			isa = PBXGroup;
			children = (
				CCB556822282F1F600B4CC7C /* BasicLocation.swift */,
				CCB556922282FC3900B4CC7C /* BasicForecast.swift */,
				CCB556842282F48700B4CC7C /* Location.swift */,
				CCB556862282F54C00B4CC7C /* Astro.swift */,
				CCB556882282F5D100B4CC7C /* Condition.swift */,
				CCB5568A2282F62F00B4CC7C /* Day.swift */,
				CCB556902282FA3C00B4CC7C /* Current.swift */,
				CCB5568C2282F7B900B4CC7C /* ForecastDay.swift */,
				CCB5568E2282F98F00B4CC7C /* Forecast.swift */,
			);
			path = Model;
			sourceTree = "<group>";
		};
/* End PBXGroup section */

/* Begin PBXNativeTarget section */
		CCB5566B2282E26F00B4CC7C /* miniweather */ = {
			isa = PBXNativeTarget;
			buildConfigurationList = CCB5567E2282E27100B4CC7C /* Build configuration list for PBXNativeTarget "miniweather" */;
			buildPhases = (
				CCB556682282E26F00B4CC7C /* Sources */,
				CCB556692282E26F00B4CC7C /* Frameworks */,
				CCB5566A2282E26F00B4CC7C /* Resources */,
			);
			buildRules = (
			);
			dependencies = (
			);
			name = miniweather;
			productName = miniweather;
			productReference = CCB5566C2282E26F00B4CC7C /* miniweather.app */;
			productType = "com.apple.product-type.application";
		};
/* End PBXNativeTarget section */

/* Begin PBXProject section */
		CCB556642282E26F00B4CC7C /* Project object */ = {
			isa = PBXProject;
			attributes = {
				LastSwiftUpdateCheck = 1020;
				LastUpgradeCheck = 1020;
				ORGANIZATIONNAME = "Péter Sági";
				TargetAttributes = {
					CCB5566B2282E26F00B4CC7C = {
						CreatedOnToolsVersion = 10.2.1;
					};
				};
			};
			buildConfigurationList = CCB556672282E26F00B4CC7C /* Build configuration list for PBXProject "miniweather" */;
			compatibilityVersion = "Xcode 9.3";
			developmentRegion = en;
			hasScannedForEncodings = 0;
			knownRegions = (
				en,
				Base,
			);
			mainGroup = CCB556632282E26F00B4CC7C;
			productRefGroup = CCB5566D2282E26F00B4CC7C /* Products */;
			projectDirPath = "";
			projectRoot = "";
			targets = (
				CCB5566B2282E26F00B4CC7C /* miniweather */,
			);
		};
/* End PBXProject section */

/* Begin PBXResourcesBuildPhase section */
		CCB5566A2282E26F00B4CC7C /* Resources */ = {
			isa = PBXResourcesBuildPhase;
			buildActionMask = 2147483647;
			files = (
				CCB5567A2282E27100B4CC7C /* LaunchScreen.storyboard in Resources */,
				CCB556772282E27100B4CC7C /* Assets.xcassets in Resources */,
				CCB556752282E26F00B4CC7C /* Main.storyboard in Resources */,
			);
			runOnlyForDeploymentPostprocessing = 0;
		};
/* End PBXResourcesBuildPhase section */

/* Begin PBXSourcesBuildPhase section */
		CCB556682282E26F00B4CC7C /* Sources */ = {
			isa = PBXSourcesBuildPhase;
			buildActionMask = 2147483647;
			files = (
				CCB5568B2282F62F00B4CC7C /* Day.swift in Sources */,
				CCB556932282FC3900B4CC7C /* BasicForecast.swift in Sources */,
				CC17C09F22830DFD00F23CE8 /* SearchResultTableViewCell.swift in Sources */,
				CCB556912282FA3C00B4CC7C /* Current.swift in Sources */,
				CCB5568D2282F7B900B4CC7C /* ForecastDay.swift in Sources */,
				CCB556722282E26F00B4CC7C /* ViewController.swift in Sources */,
				CC17C0A122830EBF00F23CE8 /* ForecastTableViewCell.swift in Sources */,
				CCB556892282F5D100B4CC7C /* Condition.swift in Sources */,
				CCB5568F2282F98F00B4CC7C /* Forecast.swift in Sources */,
				CC17C0A8228311CA00F23CE8 /* ImageUtil.swift in Sources */,
				CCB556832282F1F600B4CC7C /* BasicLocation.swift in Sources */,
				CCB556852282F48700B4CC7C /* Location.swift in Sources */,
				CCB556872282F54C00B4CC7C /* Astro.swift in Sources */,
				CC17C0A42283114400F23CE8 /* NetworkController.swift in Sources */,
				CCB556702282E26F00B4CC7C /* AppDelegate.swift in Sources */,
			);
			runOnlyForDeploymentPostprocessing = 0;
		};
/* End PBXSourcesBuildPhase section */

/* Begin PBXVariantGroup section */
		CCB556732282E26F00B4CC7C /* Main.storyboard */ = {
			isa = PBXVariantGroup;
			children = (
				CCB556742282E26F00B4CC7C /* Base */,
			);
			name = Main.storyboard;
			sourceTree = "<group>";
		};
		CCB556782282E27100B4CC7C /* LaunchScreen.storyboard */ = {
			isa = PBXVariantGroup;
			children = (
				CCB556792282E27100B4CC7C /* Base */,
			);
			name = LaunchScreen.storyboard;
			sourceTree = "<group>";
		};
/* End PBXVariantGroup section */

/* Begin XCBuildConfiguration section */
		CCB5567C2282E27100B4CC7C /* Debug */ = {
			isa = XCBuildConfiguration;
			buildSettings = {
				ALWAYS_SEARCH_USER_PATHS = NO;
				CLANG_ANALYZER_NONNULL = YES;
				CLANG_ANALYZER_NUMBER_OBJECT_CONVERSION = YES_AGGRESSIVE;
				CLANG_CXX_LANGUAGE_STANDARD = "gnu++14";
				CLANG_CXX_LIBRARY = "libc++";
				CLANG_ENABLE_MODULES = YES;
				CLANG_ENABLE_OBJC_ARC = YES;
				CLANG_ENABLE_OBJC_WEAK = YES;
				CLANG_WARN_BLOCK_CAPTURE_AUTORELEASING = YES;
				CLANG_WARN_BOOL_CONVERSION = YES;
				CLANG_WARN_COMMA = YES;
				CLANG_WARN_CONSTANT_CONVERSION = YES;
				CLANG_WARN_DEPRECATED_OBJC_IMPLEMENTATIONS = YES;
				CLANG_WARN_DIRECT_OBJC_ISA_USAGE = YES_ERROR;
				CLANG_WARN_DOCUMENTATION_COMMENTS = YES;
				CLANG_WARN_EMPTY_BODY = YES;
				CLANG_WARN_ENUM_CONVERSION = YES;
				CLANG_WARN_INFINITE_RECURSION = YES;
				CLANG_WARN_INT_CONVERSION = YES;
				CLANG_WARN_NON_LITERAL_NULL_CONVERSION = YES;
				CLANG_WARN_OBJC_IMPLICIT_RETAIN_SELF = YES;
				CLANG_WARN_OBJC_LITERAL_CONVERSION = YES;
				CLANG_WARN_OBJC_ROOT_CLASS = YES_ERROR;
				CLANG_WARN_RANGE_LOOP_ANALYSIS = YES;
				CLANG_WARN_STRICT_PROTOTYPES = YES;
				CLANG_WARN_SUSPICIOUS_MOVE = YES;
				CLANG_WARN_UNGUARDED_AVAILABILITY = YES_AGGRESSIVE;
				CLANG_WARN_UNREACHABLE_CODE = YES;
				CLANG_WARN__DUPLICATE_METHOD_MATCH = YES;
				CODE_SIGN_IDENTITY = "iPhone Developer";
				COPY_PHASE_STRIP = NO;
				DEBUG_INFORMATION_FORMAT = dwarf;
				ENABLE_STRICT_OBJC_MSGSEND = YES;
				ENABLE_TESTABILITY = YES;
				GCC_C_LANGUAGE_STANDARD = gnu11;
				GCC_DYNAMIC_NO_PIC = NO;
				GCC_NO_COMMON_BLOCKS = YES;
				GCC_OPTIMIZATION_LEVEL = 0;
				GCC_PREPROCESSOR_DEFINITIONS = (
					"DEBUG=1",
					"$(inherited)",
				);
				GCC_WARN_64_TO_32_BIT_CONVERSION = YES;
				GCC_WARN_ABOUT_RETURN_TYPE = YES_ERROR;
				GCC_WARN_UNDECLARED_SELECTOR = YES;
				GCC_WARN_UNINITIALIZED_AUTOS = YES_AGGRESSIVE;
				GCC_WARN_UNUSED_FUNCTION = YES;
				GCC_WARN_UNUSED_VARIABLE = YES;
				IPHONEOS_DEPLOYMENT_TARGET = 12.2;
				MTL_ENABLE_DEBUG_INFO = INCLUDE_SOURCE;
				MTL_FAST_MATH = YES;
				ONLY_ACTIVE_ARCH = YES;
				SDKROOT = iphoneos;
				SWIFT_ACTIVE_COMPILATION_CONDITIONS = DEBUG;
				SWIFT_OPTIMIZATION_LEVEL = "-Onone";
			};
			name = Debug;
		};
		CCB5567D2282E27100B4CC7C /* Release */ = {
			isa = XCBuildConfiguration;
			buildSettings = {
				ALWAYS_SEARCH_USER_PATHS = NO;
				CLANG_ANALYZER_NONNULL = YES;
				CLANG_ANALYZER_NUMBER_OBJECT_CONVERSION = YES_AGGRESSIVE;
				CLANG_CXX_LANGUAGE_STANDARD = "gnu++14";
				CLANG_CXX_LIBRARY = "libc++";
				CLANG_ENABLE_MODULES = YES;
				CLANG_ENABLE_OBJC_ARC = YES;
				CLANG_ENABLE_OBJC_WEAK = YES;
				CLANG_WARN_BLOCK_CAPTURE_AUTORELEASING = YES;
				CLANG_WARN_BOOL_CONVERSION = YES;
				CLANG_WARN_COMMA = YES;
				CLANG_WARN_CONSTANT_CONVERSION = YES;
				CLANG_WARN_DEPRECATED_OBJC_IMPLEMENTATIONS = YES;
				CLANG_WARN_DIRECT_OBJC_ISA_USAGE = YES_ERROR;
				CLANG_WARN_DOCUMENTATION_COMMENTS = YES;
				CLANG_WARN_EMPTY_BODY = YES;
				CLANG_WARN_ENUM_CONVERSION = YES;
				CLANG_WARN_INFINITE_RECURSION = YES;
				CLANG_WARN_INT_CONVERSION = YES;
				CLANG_WARN_NON_LITERAL_NULL_CONVERSION = YES;
				CLANG_WARN_OBJC_IMPLICIT_RETAIN_SELF = YES;
				CLANG_WARN_OBJC_LITERAL_CONVERSION = YES;
				CLANG_WARN_OBJC_ROOT_CLASS = YES_ERROR;
				CLANG_WARN_RANGE_LOOP_ANALYSIS = YES;
				CLANG_WARN_STRICT_PROTOTYPES = YES;
				CLANG_WARN_SUSPICIOUS_MOVE = YES;
				CLANG_WARN_UNGUARDED_AVAILABILITY = YES_AGGRESSIVE;
				CLANG_WARN_UNREACHABLE_CODE = YES;
				CLANG_WARN__DUPLICATE_METHOD_MATCH = YES;
				CODE_SIGN_IDENTITY = "iPhone Developer";
				COPY_PHASE_STRIP = NO;
				DEBUG_INFORMATION_FORMAT = "dwarf-with-dsym";
				ENABLE_NS_ASSERTIONS = NO;
				ENABLE_STRICT_OBJC_MSGSEND = YES;
				GCC_C_LANGUAGE_STANDARD = gnu11;
				GCC_NO_COMMON_BLOCKS = YES;
				GCC_WARN_64_TO_32_BIT_CONVERSION = YES;
				GCC_WARN_ABOUT_RETURN_TYPE = YES_ERROR;
				GCC_WARN_UNDECLARED_SELECTOR = YES;
				GCC_WARN_UNINITIALIZED_AUTOS = YES_AGGRESSIVE;
				GCC_WARN_UNUSED_FUNCTION = YES;
				GCC_WARN_UNUSED_VARIABLE = YES;
				IPHONEOS_DEPLOYMENT_TARGET = 12.2;
				MTL_ENABLE_DEBUG_INFO = NO;
				MTL_FAST_MATH = YES;
				SDKROOT = iphoneos;
				SWIFT_COMPILATION_MODE = wholemodule;
				SWIFT_OPTIMIZATION_LEVEL = "-O";
				VALIDATE_PRODUCT = YES;
			};
			name = Release;
		};
		CCB5567F2282E27100B4CC7C /* Debug */ = {
			isa = XCBuildConfiguration;
			buildSettings = {
				ASSETCATALOG_COMPILER_APPICON_NAME = AppIcon;
				CODE_SIGN_STYLE = Automatic;
				DEVELOPMENT_TEAM = 6K276DARWA;
				INFOPLIST_FILE = miniweather/Info.plist;
				LD_RUNPATH_SEARCH_PATHS = (
					"$(inherited)",
					"@executable_path/Frameworks",
				);
				PRODUCT_BUNDLE_IDENTIFIER = psagi88developer.miniweather;
				PRODUCT_NAME = "$(TARGET_NAME)";
				SWIFT_VERSION = 5.0;
				TARGETED_DEVICE_FAMILY = 1;
			};
			name = Debug;
		};
		CCB556802282E27100B4CC7C /* Release */ = {
			isa = XCBuildConfiguration;
			buildSettings = {
				ASSETCATALOG_COMPILER_APPICON_NAME = AppIcon;
				CODE_SIGN_STYLE = Automatic;
				DEVELOPMENT_TEAM = 6K276DARWA;
				INFOPLIST_FILE = miniweather/Info.plist;
				LD_RUNPATH_SEARCH_PATHS = (
					"$(inherited)",
					"@executable_path/Frameworks",
				);
				PRODUCT_BUNDLE_IDENTIFIER = psagi88developer.miniweather;
				PRODUCT_NAME = "$(TARGET_NAME)";
				SWIFT_VERSION = 5.0;
				TARGETED_DEVICE_FAMILY = 1;
			};
			name = Release;
		};
/* End XCBuildConfiguration section */

/* Begin XCConfigurationList section */
		CCB556672282E26F00B4CC7C /* Build configuration list for PBXProject "miniweather" */ = {
			isa = XCConfigurationList;
			buildConfigurations = (
				CCB5567C2282E27100B4CC7C /* Debug */,
				CCB5567D2282E27100B4CC7C /* Release */,
			);
			defaultConfigurationIsVisible = 0;
			defaultConfigurationName = Release;
		};
		CCB5567E2282E27100B4CC7C /* Build configuration list for PBXNativeTarget "miniweather" */ = {
			isa = XCConfigurationList;
			buildConfigurations = (
				CCB5567F2282E27100B4CC7C /* Debug */,
				CCB556802282E27100B4CC7C /* Release */,
			);
			defaultConfigurationIsVisible = 0;
			defaultConfigurationName = Release;
		};
/* End XCConfigurationList section */
	};
	rootObject = CCB556642282E26F00B4CC7C /* Project object */;
}
